Microsoft Visual Studio Solution File, Format Version 12.00
# Visual Studio Version 17
VisualStudioVersion = 17.13.35931.197
MinimumVisualStudioVersion = 10.0.40219.1
Project("{FAE04EC0-301F-11D3-BF4B-00C04F79EFBC}") = "Banned.Qbittorrent", "Banned.Qbittorrent\Banned.Qbittorrent.csproj", "{615F3B54-101D-9FEA-39ED-74418A08270D}"
EndProject
Project("{FAE04EC0-301F-11D3-BF4B-00C04F79EFBC}") = "Banned.Qbittorrent.Test", "Banned.Qbittorrent.Test\Banned.Qbittorrent.Test.csproj", "{0D8AEB57-5B00-34A7-D14B-6638618F4A85}"
EndProject
Global
	GlobalSection(SolutionConfigurationPlatforms) = preSolution
		Debug|Any CPU = Debug|Any CPU
		Release|Any CPU = Release|Any CPU
	EndGlobalSection
	GlobalSection(ProjectConfigurationPlatforms) = postSolution
		{615F3B54-101D-9FEA-39ED-74418A08270D}.Debug|Any CPU.ActiveCfg = Debug|Any CPU
		{615F3B54-101D-9FEA-39ED-74418A08270D}.Debug|Any CPU.Build.0 = Debug|Any CPU
		{615F3B54-101D-9FEA-39ED-74418A08270D}.Release|Any CPU.ActiveCfg = Release|Any CPU
		{615F3B54-101D-9FEA-39ED-74418A08270D}.Release|Any CPU.Build.0 = Release|Any CPU
		{0D8AEB57-5B00-34A7-D14B-6638618F4A85}.Debug|Any CPU.ActiveCfg = Debug|Any CPU
		{0D8AEB57-5B00-34A7-D14B-6638618F4A85}.Debug|Any CPU.Build.0 = Debug|Any CPU
		{0D8AEB57-5B00-34A7-D14B-6638618F4A85}.Release|Any CPU.ActiveCfg = Release|Any CPU
		{0D8AEB57-5B00-34A7-D14B-6638618F4A85}.Release|Any CPU.Build.0 = Release|Any CPU
	EndGlobalSection
	GlobalSection(SolutionProperties) = preSolution
		HideSolutionNode = FALSE
	EndGlobalSection
	GlobalSection(ExtensibilityGlobals) = postSolution
		SolutionGuid = {C3EDA8BB-9AE7-46E2-9C40-B5C95C55196A}
	EndGlobalSection
EndGlobal
